// !$*UTF8*$!
{
	archiveVersion = 1;
	classes = {
	};
	objectVersion = 48;
	objects = {

/* Begin PBXBuildFile section */
		454B2B142040E0C300D94D6A /* main.cpp in Sources */ = {isa = PBXBuildFile; fileRef = 454B2B132040E0C300D94D6A /* main.cpp */; };
		454B2B1D2040E1C000D94D6A /* search dir.cpp in Sources */ = {isa = PBXBuildFile; fileRef = 454B2B1C2040E1C000D94D6A /* search dir.cpp */; };
		454B2B202040E23800D94D6A /* load images.cpp in Sources */ = {isa = PBXBuildFile; fileRef = 454B2B1E2040E23800D94D6A /* load images.cpp */; };
		454B2B232040E3A300D94D6A /* sort by frame.cpp in Sources */ = {isa = PBXBuildFile; fileRef = 454B2B222040E3A300D94D6A /* sort by frame.cpp */; };
		454B2B262040E43900D94D6A /* stb_rect_pack.c in Sources */ = {isa = PBXBuildFile; fileRef = 454B2B252040E43900D94D6A /* stb_rect_pack.c */; };
		454B2B292040E4DA00D94D6A /* rects from images.cpp in Sources */ = {isa = PBXBuildFile; fileRef = 454B2B272040E4DA00D94D6A /* rects from images.cpp */; };
		454B2B2C2040E69900D94D6A /* pack rects.cpp in Sources */ = {isa = PBXBuildFile; fileRef = 454B2B2A2040E69900D94D6A /* pack rects.cpp */; };
		454B2B2F2040E9F900D94D6A /* blit images.cpp in Sources */ = {isa = PBXBuildFile; fileRef = 454B2B2E2040E9F900D94D6A /* blit images.cpp */; };
		454B2B322040ECDC00D94D6A /* write atlas.cpp in Sources */ = {isa = PBXBuildFile; fileRef = 454B2B302040ECDC00D94D6A /* write atlas.cpp */; };
		454B2B3520410A3E00D94D6A /* app.cpp in Sources */ = {isa = PBXBuildFile; fileRef = 454B2B3320410A3E00D94D6A /* app.cpp */; };
		454B2B3A204177C100D94D6A /* write image.cpp in Sources */ = {isa = PBXBuildFile; fileRef = 454B2B38204177C100D94D6A /* write image.cpp */; };
		454B2B3C2041867C00D94D6A /* libz.1.dylib in Frameworks */ = {isa = PBXBuildFile; fileRef = 454B2B3B2041867C00D94D6A /* libz.1.dylib */; };
		45C918DF202E541F00AC4608 /* impl0.cpp in Sources */ = {isa = PBXBuildFile; fileRef = 45C918D6202E53B800AC4608 /* impl0.cpp */; };
		45C918E1202E628800AC4608 /* impl1.cpp in Sources */ = {isa = PBXBuildFile; fileRef = 45C918E0202E628800AC4608 /* impl1.cpp */; };
/* End PBXBuildFile section */

/* Begin PBXContainerItemProxy section */
		454B2B192040E16D00D94D6A /* PBXContainerItemProxy */ = {
			isa = PBXContainerItemProxy;
			containerPortal = 45B5E6971EF7C25200A6A3E2 /* Project object */;
			proxyType = 1;
			remoteGlobalIDString = 45B5E69E1EF7C25200A6A3E2;
			remoteInfo = "Simpleton Engine";
		};
		45C918E3202E69FF00AC4608 /* PBXContainerItemProxy */ = {
			isa = PBXContainerItemProxy;
			containerPortal = 45B5E6971EF7C25200A6A3E2 /* Project object */;
			proxyType = 1;
			remoteGlobalIDString = 45C918DA202E541700AC4608;
			remoteInfo = Test;
		};
/* End PBXContainerItemProxy section */

/* Begin PBXFileReference section */
		4507594C1FF5B6B30009B360 /* collision pairs.inl */ = {isa = PBXFileReference; lastKnownFileType = text; path = "collision pairs.inl"; sourceTree = "<group>"; };
		4507594D1FF5B6B30009B360 /* collision pairs.hpp */ = {isa = PBXFileReference; lastKnownFileType = sourcecode.cpp.h; path = "collision pairs.hpp"; sourceTree = "<group>"; };
		450759501FF5CA910009B360 /* contact listener.inl */ = {isa = PBXFileReference; lastKnownFileType = text; path = "contact listener.inl"; sourceTree = "<group>"; };
		450759511FF5CA910009B360 /* contact listener.hpp */ = {isa = PBXFileReference; lastKnownFileType = sourcecode.cpp.h; path = "contact listener.hpp"; sourceTree = "<group>"; };
		450759541FF5CEA30009B360 /* collision categories.hpp */ = {isa = PBXFileReference; lastKnownFileType = sourcecode.cpp.h; path = "collision categories.hpp"; sourceTree = "<group>"; };
		450759561FF5D3620009B360 /* nanovg debug draw.inl */ = {isa = PBXFileReference; lastKnownFileType = text; path = "nanovg debug draw.inl"; sourceTree = "<group>"; };
		450759571FF5D3620009B360 /* nanovg debug draw.hpp */ = {isa = PBXFileReference; lastKnownFileType = sourcecode.cpp.h; path = "nanovg debug draw.hpp"; sourceTree = "<group>"; };
		4507595C1FF5E87A0009B360 /* json.hpp */ = {isa = PBXFileReference; lastKnownFileType = sourcecode.cpp.h; path = json.hpp; sourceTree = "<group>"; };
		450759601FF5EB6F0009B360 /* json.hpp */ = {isa = PBXFileReference; lastKnownFileType = sourcecode.cpp.h; path = json.hpp; sourceTree = "<group>"; };
		450759621FF5EE420009B360 /* parse json.hpp */ = {isa = PBXFileReference; lastKnownFileType = sourcecode.cpp.h; path = "parse json.hpp"; sourceTree = "<group>"; };
		450759631FF5F12B0009B360 /* parse json.inl */ = {isa = PBXFileReference; lastKnownFileType = text; path = "parse json.inl"; sourceTree = "<group>"; };
		450759661FF60E290009B360 /* entity id map.inl */ = {isa = PBXFileReference; lastKnownFileType = text; path = "entity id map.inl"; sourceTree = "<group>"; };
		450759671FF60E290009B360 /* entity id map.hpp */ = {isa = PBXFileReference; lastKnownFileType = sourcecode.cpp.h; path = "entity id map.hpp"; sourceTree = "<group>"; };
		450759681FF610EC0009B360 /* json.inl */ = {isa = PBXFileReference; lastKnownFileType = text; path = json.inl; sourceTree = "<group>"; };
		450759691FF610EC0009B360 /* json.hpp */ = {isa = PBXFileReference; lastKnownFileType = sourcecode.cpp.h; path = json.hpp; sourceTree = "<group>"; };
		4507596E1FF74CB90009B360 /* comp init.hpp */ = {isa = PBXFileReference; lastKnownFileType = sourcecode.cpp.h; path = "comp init.hpp"; sourceTree = "<group>"; };
		450759701FF760C70009B360 /* comp inits.hpp */ = {isa = PBXFileReference; lastKnownFileType = sourcecode.cpp.h; path = "comp inits.hpp"; sourceTree = "<group>"; };
		450759721FF769DE0009B360 /* level.hpp */ = {isa = PBXFileReference; lastKnownFileType = sourcecode.cpp.h; path = level.hpp; sourceTree = "<group>"; };
		450759771FF76FCD0009B360 /* progress manager.hpp */ = {isa = PBXFileReference; lastKnownFileType = sourcecode.cpp.h; path = "progress manager.hpp"; sourceTree = "<group>"; };
		450759781FF76FCD0009B360 /* progress manager.inl */ = {isa = PBXFileReference; lastKnownFileType = text; path = "progress manager.inl"; sourceTree = "<group>"; };
		4507597C1FF86B290009B360 /* level manager.hpp */ = {isa = PBXFileReference; lastKnownFileType = sourcecode.cpp.h; path = "level manager.hpp"; sourceTree = "<group>"; };
		4507597D1FF86B290009B360 /* level manager.inl */ = {isa = PBXFileReference; lastKnownFileType = text; path = "level manager.inl"; sourceTree = "<group>"; };
		450759811FF9F2EF0009B360 /* dir bits.hpp */ = {isa = PBXFileReference; lastKnownFileType = sourcecode.cpp.h; path = "dir bits.hpp"; sourceTree = "<group>"; };
		4509F8E31F5BB83B00927A19 /* anim.hpp */ = {isa = PBXFileReference; lastKnownFileType = sourcecode.cpp.h; path = anim.hpp; sourceTree = "<group>"; };
		450ED62E1FB93B43008F2902 /* progress speed anim.hpp */ = {isa = PBXFileReference; lastKnownFileType = sourcecode.cpp.h; path = "progress speed anim.hpp"; sourceTree = "<group>"; };
		450ED63F1FBBAE40008F2902 /* camera.inl */ = {isa = PBXFileReference; lastKnownFileType = text; path = camera.inl; sourceTree = "<group>"; };
		450ED6401FBBAE40008F2902 /* camera.hpp */ = {isa = PBXFileReference; lastKnownFileType = sourcecode.cpp.h; path = camera.hpp; sourceTree = "<group>"; };
		450ED6441FBBAE9A008F2902 /* props.hpp */ = {isa = PBXFileReference; lastKnownFileType = sourcecode.cpp.h; path = props.hpp; sourceTree = "<group>"; };
		450ED6471FBBAF1D008F2902 /* aabb.hpp */ = {isa = PBXFileReference; lastKnownFileType = sourcecode.cpp.h; path = aabb.hpp; sourceTree = "<group>"; };
		450ED6481FBBAF60008F2902 /* transform.inl */ = {isa = PBXFileReference; lastKnownFileType = text; path = transform.inl; sourceTree = "<group>"; };
		450ED6491FBBAF60008F2902 /* transform.hpp */ = {isa = PBXFileReference; lastKnownFileType = sourcecode.cpp.h; path = transform.hpp; sourceTree = "<group>"; };
		45103F381F2324A6001B24E2 /* point in polygon.hpp */ = {isa = PBXFileReference; lastKnownFileType = sourcecode.cpp.h; path = "point in polygon.hpp"; sourceTree = "<group>"; };
		451CC0DF1F9312C70000E424 /* block allocator.hpp */ = {isa = PBXFileReference; lastKnownFileType = sourcecode.cpp.h; path = "block allocator.hpp"; sourceTree = "<group>"; };
		4520AD6C1FE9D68400ECE3C1 /* static char buffer.hpp */ = {isa = PBXFileReference; lastKnownFileType = sourcecode.cpp.h; path = "static char buffer.hpp"; sourceTree = "<group>"; };
		4529DEE91F31AABD00071267 /* line col.hpp */ = {isa = PBXFileReference; fileEncoding = 4; lastKnownFileType = sourcecode.cpp.h; path = "line col.hpp"; sourceTree = "<group>"; };
		452B82F41F3EF86900AF9AC6 /* bits.hpp */ = {isa = PBXFileReference; lastKnownFileType = sourcecode.cpp.h; path = bits.hpp; sourceTree = "<group>"; };
		452B82F61F41924500AF9AC6 /* rand.hpp */ = {isa = PBXFileReference; lastKnownFileType = sourcecode.cpp.h; path = rand.hpp; sourceTree = "<group>"; };
		452FF9F11F68CCB3003A98B1 /* live stats.hpp */ = {isa = PBXFileReference; lastKnownFileType = sourcecode.cpp.h; path = "live stats.hpp"; sourceTree = "<group>"; };
		4533A8D51FCA34410027B0FB /* animate.hpp */ = {isa = PBXFileReference; lastKnownFileType = sourcecode.cpp.h; path = animate.hpp; sourceTree = "<group>"; };
		4533A8D91FCA34E50027B0FB /* constant speed.hpp */ = {isa = PBXFileReference; lastKnownFileType = sourcecode.cpp.h; path = "constant speed.hpp"; sourceTree = "<group>"; };
		4533A8DF1FCA3E4B0027B0FB /* target.hpp */ = {isa = PBXFileReference; lastKnownFileType = sourcecode.cpp.h; path = target.hpp; sourceTree = "<group>"; };
		4533DCC51FBBDF350058390C /* zoom to fit.inl */ = {isa = PBXFileReference; lastKnownFileType = text; path = "zoom to fit.inl"; sourceTree = "<group>"; };
		4533DCC61FBBDF350058390C /* zoom to fit.hpp */ = {isa = PBXFileReference; lastKnownFileType = sourcecode.cpp.h; path = "zoom to fit.hpp"; sourceTree = "<group>"; };
		453479B41F21AC860083743E /* error.hpp */ = {isa = PBXFileReference; lastKnownFileType = sourcecode.cpp.h; path = error.hpp; sourceTree = "<group>"; };
		45388485208AA9D1003EB260 /* grid.hpp */ = {isa = PBXFileReference; lastKnownFileType = sourcecode.cpp.h; path = grid.hpp; sourceTree = "<group>"; };
		4538850F208C40F9003EB260 /* quad writer.hpp */ = {isa = PBXFileReference; lastKnownFileType = sourcecode.cpp.h; path = "quad writer.hpp"; sourceTree = "<group>"; };
		45388510208C40F9003EB260 /* quad writer.inl */ = {isa = PBXFileReference; lastKnownFileType = text; path = "quad writer.inl"; sourceTree = "<group>"; };
		45388599209010C5003EB260 /* chunk.hpp */ = {isa = PBXFileReference; lastKnownFileType = sourcecode.cpp.h; path = chunk.hpp; sourceTree = "<group>"; };
		4538859A209010C5003EB260 /* chunk.inl */ = {isa = PBXFileReference; lastKnownFileType = text; path = chunk.inl; sourceTree = "<group>"; };
		4541160D1F51479800C2865B /* int float.hpp */ = {isa = PBXFileReference; lastKnownFileType = sourcecode.cpp.h; path = "int float.hpp"; sourceTree = "<group>"; };
		4541A4B41FD7734400AD20C1 /* constant scale.hpp */ = {isa = PBXFileReference; lastKnownFileType = sourcecode.cpp.h; path = "constant scale.hpp"; sourceTree = "<group>"; };
		454B2AF4203D6F5E00D94D6A /* zsort.hpp */ = {isa = PBXFileReference; lastKnownFileType = sourcecode.cpp.h; path = zsort.hpp; sourceTree = "<group>"; };
		454B2AF5203D6F5E00D94D6A /* zsort.inl */ = {isa = PBXFileReference; lastKnownFileType = text; path = zsort.inl; sourceTree = "<group>"; };
		454B2AFA203E930700D94D6A /* load surface.hpp */ = {isa = PBXFileReference; lastKnownFileType = sourcecode.cpp.h; path = "load surface.hpp"; sourceTree = "<group>"; };
		454B2AFB203E930700D94D6A /* surface.hpp */ = {isa = PBXFileReference; lastKnownFileType = sourcecode.cpp.h; path = surface.hpp; sourceTree = "<group>"; };
		454B2AFC203E930800D94D6A /* stb_image.h */ = {isa = PBXFileReference; lastKnownFileType = sourcecode.c.h; path = stb_image.h; sourceTree = "<group>"; };
		454B2AFD203E930800D94D6A /* write surface.inl */ = {isa = PBXFileReference; lastKnownFileType = text; path = "write surface.inl"; sourceTree = "<group>"; };
		454B2AFE203E930800D94D6A /* load surface.inl */ = {isa = PBXFileReference; lastKnownFileType = text; path = "load surface.inl"; sourceTree = "<group>"; };
		454B2AFF203E930800D94D6A /* blit surface.hpp */ = {isa = PBXFileReference; lastKnownFileType = sourcecode.cpp.h; path = "blit surface.hpp"; sourceTree = "<group>"; };
		454B2B00203E930900D94D6A /* surface.inl */ = {isa = PBXFileReference; lastKnownFileType = text; path = surface.inl; sourceTree = "<group>"; };
		454B2B01203E930900D94D6A /* write surface.hpp */ = {isa = PBXFileReference; lastKnownFileType = sourcecode.cpp.h; path = "write surface.hpp"; sourceTree = "<group>"; };
		454B2B02203E930900D94D6A /* realloc.hpp */ = {isa = PBXFileReference; lastKnownFileType = sourcecode.cpp.h; path = realloc.hpp; sourceTree = "<group>"; };
		454B2B03203E930900D94D6A /* blit surface.inl */ = {isa = PBXFileReference; lastKnownFileType = text; path = "blit surface.inl"; sourceTree = "<group>"; };
		454B2B04203E930900D94D6A /* stb_image_write.h */ = {isa = PBXFileReference; lastKnownFileType = sourcecode.c.h; path = stb_image_write.h; sourceTree = "<group>"; };
		454B2B07203E994D00D94D6A /* sheet.hpp */ = {isa = PBXFileReference; lastKnownFileType = sourcecode.cpp.h; path = sheet.hpp; sourceTree = "<group>"; };
		454B2B08203E994D00D94D6A /* sheet.inl */ = {isa = PBXFileReference; lastKnownFileType = text; path = sheet.inl; sourceTree = "<group>"; };
		454B2B09203ED5E100D94D6A /* compose string.hpp */ = {isa = PBXFileReference; lastKnownFileType = sourcecode.cpp.h; path = "compose string.hpp"; sourceTree = "<group>"; };
		454B2B0A203ED5E100D94D6A /* compose string.inl */ = {isa = PBXFileReference; lastKnownFileType = text; path = "compose string.inl"; sourceTree = "<group>"; };
		454B2B0B2040C8C800D94D6A /* endian.hpp */ = {isa = PBXFileReference; lastKnownFileType = sourcecode.cpp.h; path = endian.hpp; sourceTree = "<group>"; };
		454B2B112040E0C300D94D6A /* Pack */ = {isa = PBXFileReference; explicitFileType = "compiled.mach-o.executable"; includeInIndex = 0; path = Pack; sourceTree = BUILT_PRODUCTS_DIR; };
		454B2B132040E0C300D94D6A /* main.cpp */ = {isa = PBXFileReference; lastKnownFileType = sourcecode.cpp.cpp; path = main.cpp; sourceTree = "<group>"; };
		454B2B1B2040E1C000D94D6A /* search dir.hpp */ = {isa = PBXFileReference; fileEncoding = 4; lastKnownFileType = sourcecode.cpp.h; path = "search dir.hpp"; sourceTree = "<group>"; };
		454B2B1C2040E1C000D94D6A /* search dir.cpp */ = {isa = PBXFileReference; fileEncoding = 4; lastKnownFileType = sourcecode.cpp.cpp; path = "search dir.cpp"; sourceTree = "<group>"; };
		454B2B1E2040E23800D94D6A /* load images.cpp */ = {isa = PBXFileReference; fileEncoding = 4; lastKnownFileType = sourcecode.cpp.cpp; path = "load images.cpp"; sourceTree = "<group>"; };
		454B2B1F2040E23800D94D6A /* load images.hpp */ = {isa = PBXFileReference; fileEncoding = 4; lastKnownFileType = sourcecode.cpp.h; path = "load images.hpp"; sourceTree = "<group>"; };
		454B2B212040E3A200D94D6A /* sort by frame.hpp */ = {isa = PBXFileReference; fileEncoding = 4; lastKnownFileType = sourcecode.cpp.h; path = "sort by frame.hpp"; sourceTree = "<group>"; };
		454B2B222040E3A300D94D6A /* sort by frame.cpp */ = {isa = PBXFileReference; fileEncoding = 4; lastKnownFileType = sourcecode.cpp.cpp; path = "sort by frame.cpp"; sourceTree = "<group>"; };
		454B2B242040E42400D94D6A /* stb_rect_pack.h */ = {isa = PBXFileReference; lastKnownFileType = sourcecode.c.h; path = stb_rect_pack.h; sourceTree = "<group>"; };
		454B2B252040E43900D94D6A /* stb_rect_pack.c */ = {isa = PBXFileReference; lastKnownFileType = sourcecode.c.c; path = stb_rect_pack.c; sourceTree = "<group>"; };
		454B2B272040E4DA00D94D6A /* rects from images.cpp */ = {isa = PBXFileReference; lastKnownFileType = sourcecode.cpp.cpp; path = "rects from images.cpp"; sourceTree = "<group>"; };
		454B2B282040E4DA00D94D6A /* rects from images.hpp */ = {isa = PBXFileReference; lastKnownFileType = sourcecode.cpp.h; path = "rects from images.hpp"; sourceTree = "<group>"; };
		454B2B2A2040E69900D94D6A /* pack rects.cpp */ = {isa = PBXFileReference; fileEncoding = 4; lastKnownFileType = sourcecode.cpp.cpp; path = "pack rects.cpp"; sourceTree = "<group>"; };
		454B2B2B2040E69900D94D6A /* pack rects.hpp */ = {isa = PBXFileReference; fileEncoding = 4; lastKnownFileType = sourcecode.cpp.h; path = "pack rects.hpp"; sourceTree = "<group>"; };
		454B2B2D2040E9F900D94D6A /* blit images.hpp */ = {isa = PBXFileReference; fileEncoding = 4; lastKnownFileType = sourcecode.cpp.h; path = "blit images.hpp"; sourceTree = "<group>"; };
		454B2B2E2040E9F900D94D6A /* blit images.cpp */ = {isa = PBXFileReference; fileEncoding = 4; lastKnownFileType = sourcecode.cpp.cpp; path = "blit images.cpp"; sourceTree = "<group>"; };
		454B2B302040ECDC00D94D6A /* write atlas.cpp */ = {isa = PBXFileReference; lastKnownFileType = sourcecode.cpp.cpp; path = "write atlas.cpp"; sourceTree = "<group>"; };
		454B2B312040ECDC00D94D6A /* write atlas.hpp */ = {isa = PBXFileReference; lastKnownFileType = sourcecode.cpp.h; path = "write atlas.hpp"; sourceTree = "<group>"; };
		454B2B3320410A3E00D94D6A /* app.cpp */ = {isa = PBXFileReference; lastKnownFileType = sourcecode.cpp.cpp; path = app.cpp; sourceTree = "<group>"; };
		454B2B3420410A3E00D94D6A /* app.hpp */ = {isa = PBXFileReference; lastKnownFileType = sourcecode.cpp.h; path = app.hpp; sourceTree = "<group>"; };
		454B2B36204138D000D94D6A /* types.hpp */ = {isa = PBXFileReference; lastKnownFileType = sourcecode.cpp.h; path = types.hpp; sourceTree = "<group>"; };
		454B2B37204138D000D94D6A /* types.inl */ = {isa = PBXFileReference; lastKnownFileType = text; path = types.inl; sourceTree = "<group>"; };
		454B2B38204177C100D94D6A /* write image.cpp */ = {isa = PBXFileReference; lastKnownFileType = sourcecode.cpp.cpp; path = "write image.cpp"; sourceTree = "<group>"; };
		454B2B39204177C100D94D6A /* write image.hpp */ = {isa = PBXFileReference; lastKnownFileType = sourcecode.cpp.h; path = "write image.hpp"; sourceTree = "<group>"; };
		454B2B3B2041867C00D94D6A /* libz.1.dylib */ = {isa = PBXFileReference; lastKnownFileType = "compiled.mach-o.dylib"; name = libz.1.dylib; path = ../../../../../../../usr/lib/libz.1.dylib; sourceTree = "<group>"; };
		454D049E1FE63DDC00D3E560 /* libSDL2_ttf.a */ = {isa = PBXFileReference; lastKnownFileType = archive.ar; name = libSDL2_ttf.a; path = ../../../../../../../usr/local/Cellar/sdl2_ttf/2.0.14/lib/libSDL2_ttf.a; sourceTree = "<group>"; };
		454D04A01FE63DFB00D3E560 /* libSDL2.a */ = {isa = PBXFileReference; lastKnownFileType = archive.ar; name = libSDL2.a; path = ../../../../../../../usr/local/Cellar/sdl2/2.0.7/lib/libSDL2.a; sourceTree = "<group>"; };
		45682654209981FC00BA6AE8 /* sheet tex.hpp */ = {isa = PBXFileReference; lastKnownFileType = sourcecode.cpp.h; path = "sheet tex.hpp"; sourceTree = "<group>"; };
		45682655209981FC00BA6AE8 /* sheet tex.inl */ = {isa = PBXFileReference; lastKnownFileType = text; path = "sheet tex.inl"; sourceTree = "<group>"; };
		4568265B2099D07500BA6AE8 /* filter surface.hpp */ = {isa = PBXFileReference; lastKnownFileType = sourcecode.cpp.h; path = "filter surface.hpp"; sourceTree = "<group>"; };
		4568265C2099D07500BA6AE8 /* filter surface.inl */ = {isa = PBXFileReference; lastKnownFileType = text; path = "filter surface.inl"; sourceTree = "<group>"; };
		456B8378205CD63C0016F6D0 /* mainloop.hpp */ = {isa = PBXFileReference; lastKnownFileType = sourcecode.cpp.h; path = mainloop.hpp; sourceTree = "<group>"; };
		45771B841FE7238200F533DA /* SDL2.framework */ = {isa = PBXFileReference; lastKnownFileType = wrapper.framework; name = SDL2.framework; path = ../../../../../../../Library/Frameworks/SDL2.framework; sourceTree = "<group>"; };
		45771B861FE723B600F533DA /* libSDL2-2.0.0.dylib */ = {isa = PBXFileReference; lastKnownFileType = "compiled.mach-o.dylib"; name = "libSDL2-2.0.0.dylib"; path = "../../../../../../../usr/local/Cellar/sdl2/2.0.7/lib/libSDL2-2.0.0.dylib"; sourceTree = "<group>"; };
		45771C0C1FE8770800F533DA /* opengl.hpp */ = {isa = PBXFileReference; lastKnownFileType = sourcecode.cpp.h; path = opengl.hpp; sourceTree = "<group>"; };
		45771C0D1FE8781D00F533DA /* uniforms.hpp */ = {isa = PBXFileReference; lastKnownFileType = sourcecode.cpp.h; path = uniforms.hpp; sourceTree = "<group>"; };
		45771C111FE87DCF00F533DA /* type enum.hpp */ = {isa = PBXFileReference; lastKnownFileType = sourcecode.cpp.h; path = "type enum.hpp"; sourceTree = "<group>"; };
		45771C131FE8817100F533DA /* attrib pointer.hpp */ = {isa = PBXFileReference; lastKnownFileType = sourcecode.cpp.h; path = "attrib pointer.hpp"; sourceTree = "<group>"; };
		45771C151FE8952D00F533DA /* meta glm.hpp */ = {isa = PBXFileReference; lastKnownFileType = sourcecode.cpp.h; path = "meta glm.hpp"; sourceTree = "<group>"; };
		45771C181FE8B1B000F533DA /* context.inl */ = {isa = PBXFileReference; lastKnownFileType = text; path = context.inl; sourceTree = "<group>"; };
		45771C191FE8B1B000F533DA /* context.hpp */ = {isa = PBXFileReference; lastKnownFileType = sourcecode.cpp.h; path = context.hpp; sourceTree = "<group>"; };
		45771C1C1FE8C4BB00F533DA /* texture.inl */ = {isa = PBXFileReference; lastKnownFileType = text; path = texture.inl; sourceTree = "<group>"; };
		45771C1D1FE8C4BB00F533DA /* texture.hpp */ = {isa = PBXFileReference; lastKnownFileType = sourcecode.cpp.h; path = texture.hpp; sourceTree = "<group>"; };
		45771C221FE8F8A100F533DA /* shader.inl */ = {isa = PBXFileReference; lastKnownFileType = text; path = shader.inl; sourceTree = "<group>"; };
		45771C231FE8F8A100F533DA /* shader.hpp */ = {isa = PBXFileReference; lastKnownFileType = sourcecode.cpp.h; path = shader.hpp; sourceTree = "<group>"; };
		45771C261FE8FF1100F533DA /* shader program.inl */ = {isa = PBXFileReference; lastKnownFileType = text; path = "shader program.inl"; sourceTree = "<group>"; };
		45771C271FE8FF1100F533DA /* shader program.hpp */ = {isa = PBXFileReference; lastKnownFileType = sourcecode.cpp.h; path = "shader program.hpp"; sourceTree = "<group>"; };
		45771C2A1FE90D1500F533DA /* buffer.inl */ = {isa = PBXFileReference; lastKnownFileType = text; path = buffer.inl; sourceTree = "<group>"; };
		45771C2B1FE90D1500F533DA /* buffer.hpp */ = {isa = PBXFileReference; lastKnownFileType = sourcecode.cpp.h; path = buffer.hpp; sourceTree = "<group>"; };
		45771C2E1FE9129D00F533DA /* vertex array.inl */ = {isa = PBXFileReference; lastKnownFileType = text; path = "vertex array.inl"; sourceTree = "<group>"; };
		45771C2F1FE9129D00F533DA /* vertex array.hpp */ = {isa = PBXFileReference; lastKnownFileType = sourcecode.cpp.h; path = "vertex array.hpp"; sourceTree = "<group>"; };
		4584F40B1FCCF0C80062B93E /* combine hashes.hpp */ = {isa = PBXFileReference; lastKnownFileType = sourcecode.cpp.h; path = "combine hashes.hpp"; sourceTree = "<group>"; };
		4584F4101FCCF72E0062B93E /* matrix mul.hpp */ = {isa = PBXFileReference; lastKnownFileType = sourcecode.cpp.h; path = "matrix mul.hpp"; sourceTree = "<group>"; };
		4584F4151FCE7D5B0062B93E /* digit stack.hpp */ = {isa = PBXFileReference; lastKnownFileType = sourcecode.cpp.h; path = "digit stack.hpp"; sourceTree = "<group>"; };
		4589059320301B0B0050F1C4 /* types.hpp */ = {isa = PBXFileReference; lastKnownFileType = sourcecode.cpp.h; path = types.hpp; sourceTree = "<group>"; };
		4589059420301F8A0050F1C4 /* renderer.hpp */ = {isa = PBXFileReference; lastKnownFileType = sourcecode.cpp.h; path = renderer.hpp; sourceTree = "<group>"; };
		4589059520301F8A0050F1C4 /* renderer.inl */ = {isa = PBXFileReference; lastKnownFileType = text; path = renderer.inl; sourceTree = "<group>"; };
		45890596203027770050F1C4 /* shaders.hpp */ = {isa = PBXFileReference; lastKnownFileType = sourcecode.cpp.h; path = shaders.hpp; sourceTree = "<group>"; };
		458D21BE205DF92300FC644A /* geom types.hpp */ = {isa = PBXFileReference; lastKnownFileType = sourcecode.cpp.h; path = "geom types.hpp"; sourceTree = "<group>"; };
		458D21BF205DF92B00FC644A /* render types.hpp */ = {isa = PBXFileReference; lastKnownFileType = sourcecode.cpp.h; path = "render types.hpp"; sourceTree = "<group>"; };
		4592B49C1F06427200D1640D /* frame.hpp */ = {isa = PBXFileReference; fileEncoding = 4; lastKnownFileType = sourcecode.cpp.h; path = frame.hpp; sourceTree = "<group>"; };
		4592B9651F0A24C800D1640D /* texture.hpp */ = {isa = PBXFileReference; fileEncoding = 4; lastKnownFileType = sourcecode.cpp.h; path = texture.hpp; sourceTree = "<group>"; };
		4592B96B1F0A2BA600D1640D /* font library.inl */ = {isa = PBXFileReference; fileEncoding = 4; lastKnownFileType = text; path = "font library.inl"; sourceTree = "<group>"; };
		4592B96C1F0A2BA600D1640D /* font library.hpp */ = {isa = PBXFileReference; fileEncoding = 4; lastKnownFileType = sourcecode.cpp.h; path = "font library.hpp"; sourceTree = "<group>"; };
		4592B9711F0A2E7600D1640D /* libSDL2_ttf-2.0.0.dylib */ = {isa = PBXFileReference; lastKnownFileType = "compiled.mach-o.dylib"; name = "libSDL2_ttf-2.0.0.dylib"; path = "../../../../../../../usr/local/Cellar/sdl2_ttf/2.0.14/lib/libSDL2_ttf-2.0.0.dylib"; sourceTree = "<group>"; };
		4592BAE91F11C3CB00D1640D /* app.hpp */ = {isa = PBXFileReference; fileEncoding = 4; lastKnownFileType = sourcecode.cpp.h; path = app.hpp; sourceTree = "<group>"; };
		4592BAED1F11C50F00D1640D /* sdl app.hpp */ = {isa = PBXFileReference; fileEncoding = 4; lastKnownFileType = sourcecode.cpp.h; path = "sdl app.hpp"; sourceTree = "<group>"; };
		4592BB111F11F86F00D1640D /* main loop.hpp */ = {isa = PBXFileReference; lastKnownFileType = sourcecode.cpp.h; path = "main loop.hpp"; sourceTree = "<group>"; };
		45B32E4D1FF34F66007BA7F4 /* surface.hpp */ = {isa = PBXFileReference; lastKnownFileType = sourcecode.cpp.h; path = surface.hpp; sourceTree = "<group>"; };
		45B32EAE1FF47C59007BA7F4 /* debug input.inl */ = {isa = PBXFileReference; lastKnownFileType = text; path = "debug input.inl"; sourceTree = "<group>"; };
		45B32EAF1FF47C59007BA7F4 /* debug input.hpp */ = {isa = PBXFileReference; lastKnownFileType = sourcecode.cpp.h; path = "debug input.hpp"; sourceTree = "<group>"; };
		45B32EB41FF47E60007BA7F4 /* glm.hpp */ = {isa = PBXFileReference; lastKnownFileType = sourcecode.cpp.h; path = glm.hpp; sourceTree = "<group>"; };
		45B32EB71FF481FD007BA7F4 /* events.inl */ = {isa = PBXFileReference; lastKnownFileType = text; path = events.inl; sourceTree = "<group>"; };
		45B32EB81FF481FD007BA7F4 /* events.hpp */ = {isa = PBXFileReference; lastKnownFileType = sourcecode.cpp.h; path = events.hpp; sourceTree = "<group>"; };
		45B32EBD1FF4852D007BA7F4 /* registry.hpp */ = {isa = PBXFileReference; lastKnownFileType = sourcecode.cpp.h; path = registry.hpp; sourceTree = "<group>"; };
		45B32EBF1FF49318007BA7F4 /* entity id.hpp */ = {isa = PBXFileReference; lastKnownFileType = sourcecode.cpp.h; path = "entity id.hpp"; sourceTree = "<group>"; };
		45B32EC11FF495DC007BA7F4 /* object types.hpp */ = {isa = PBXFileReference; lastKnownFileType = sourcecode.cpp.h; path = "object types.hpp"; sourceTree = "<group>"; };
		45B32EC31FF4A296007BA7F4 /* limit velocity.hpp */ = {isa = PBXFileReference; lastKnownFileType = sourcecode.cpp.h; path = "limit velocity.hpp"; sourceTree = "<group>"; };
		45B5E69F1EF7C25200A6A3E2 /* libSimpleton Engine.dylib */ = {isa = PBXFileReference; explicitFileType = "compiled.mach-o.dylib"; includeInIndex = 0; path = "libSimpleton Engine.dylib"; sourceTree = BUILT_PRODUCTS_DIR; };
		45B5E7621EF8A8A700A6A3E2 /* clamp.hpp */ = {isa = PBXFileReference; fileEncoding = 4; lastKnownFileType = sourcecode.cpp.h; path = clamp.hpp; sourceTree = "<group>"; };
		45B5E7681EF8A8A700A6A3E2 /* interpolate.hpp */ = {isa = PBXFileReference; fileEncoding = 4; lastKnownFileType = sourcecode.cpp.h; path = interpolate.hpp; sourceTree = "<group>"; };
		45B5E7691EF8A8A700A6A3E2 /* pow.hpp */ = {isa = PBXFileReference; fileEncoding = 4; lastKnownFileType = sourcecode.cpp.h; path = pow.hpp; sourceTree = "<group>"; };
		45B5E76A1EF8A8A700A6A3E2 /* scale.hpp */ = {isa = PBXFileReference; fileEncoding = 4; lastKnownFileType = sourcecode.cpp.h; path = scale.hpp; sourceTree = "<group>"; };
		45B5E76D1EF8A8A700A6A3E2 /* round.hpp */ = {isa = PBXFileReference; fileEncoding = 4; lastKnownFileType = sourcecode.cpp.h; path = round.hpp; sourceTree = "<group>"; };
		45B5E7701EF8A8A700A6A3E2 /* vectors.hpp */ = {isa = PBXFileReference; fileEncoding = 4; lastKnownFileType = sourcecode.cpp.h; path = vectors.hpp; sourceTree = "<group>"; };
		45B5E7711EF8A8A700A6A3E2 /* rect.hpp */ = {isa = PBXFileReference; fileEncoding = 4; lastKnownFileType = sourcecode.cpp.h; path = rect.hpp; sourceTree = "<group>"; };
		45B5E7721EF8A8A700A6A3E2 /* dir.hpp */ = {isa = PBXFileReference; fileEncoding = 4; lastKnownFileType = sourcecode.cpp.h; path = dir.hpp; sourceTree = "<group>"; };
		45B5E78C1EF8A90D00A6A3E2 /* byteptr.hpp */ = {isa = PBXFileReference; fileEncoding = 4; lastKnownFileType = sourcecode.cpp.h; path = byteptr.hpp; sourceTree = "<group>"; };
		45B5E78F1EF8A90D00A6A3E2 /* buffer.inl */ = {isa = PBXFileReference; fileEncoding = 4; lastKnownFileType = text; path = buffer.inl; sourceTree = "<group>"; };
		45B5E7901EF8A90D00A6A3E2 /* buffer.hpp */ = {isa = PBXFileReference; fileEncoding = 4; lastKnownFileType = sourcecode.cpp.h; path = buffer.hpp; sourceTree = "<group>"; };
		45B5E7911EF8A90D00A6A3E2 /* view.hpp */ = {isa = PBXFileReference; fileEncoding = 4; lastKnownFileType = sourcecode.cpp.h; path = view.hpp; sourceTree = "<group>"; };
		45B5E7961EF8A90D00A6A3E2 /* file io.inl */ = {isa = PBXFileReference; fileEncoding = 4; lastKnownFileType = text; path = "file io.inl"; sourceTree = "<group>"; };
		45B5E7971EF8A90D00A6A3E2 /* file io.hpp */ = {isa = PBXFileReference; fileEncoding = 4; lastKnownFileType = sourcecode.cpp.h; path = "file io.hpp"; sourceTree = "<group>"; };
		45B5E7A71EF8A92500A6A3E2 /* get.hpp */ = {isa = PBXFileReference; fileEncoding = 4; lastKnownFileType = sourcecode.cpp.h; path = get.hpp; sourceTree = "<group>"; };
		45B5E7A81EF8A92500A6A3E2 /* freq limiter.hpp */ = {isa = PBXFileReference; fileEncoding = 4; lastKnownFileType = sourcecode.cpp.h; path = "freq limiter.hpp"; sourceTree = "<group>"; };
		45B5E7AB1EF8A92500A6A3E2 /* delta.hpp */ = {isa = PBXFileReference; fileEncoding = 4; lastKnownFileType = sourcecode.cpp.h; path = delta.hpp; sourceTree = "<group>"; };
		45B5E7AD1EF8A92500A6A3E2 /* stopwatch.hpp */ = {isa = PBXFileReference; fileEncoding = 4; lastKnownFileType = sourcecode.cpp.h; path = stopwatch.hpp; sourceTree = "<group>"; };
		45B5E7AE1EF8A92500A6A3E2 /* timer.hpp */ = {isa = PBXFileReference; fileEncoding = 4; lastKnownFileType = sourcecode.cpp.h; path = timer.hpp; sourceTree = "<group>"; };
		45B5E7AF1EF8A92500A6A3E2 /* fps.inl */ = {isa = PBXFileReference; fileEncoding = 4; lastKnownFileType = text; path = fps.inl; sourceTree = "<group>"; };
		45B5E7B01EF8A92500A6A3E2 /* fps.hpp */ = {isa = PBXFileReference; fileEncoding = 4; lastKnownFileType = sourcecode.cpp.h; path = fps.hpp; sourceTree = "<group>"; };
		45B5E7C01EF8A93900A6A3E2 /* instance limiter.hpp */ = {isa = PBXFileReference; fileEncoding = 4; lastKnownFileType = sourcecode.cpp.h; path = "instance limiter.hpp"; sourceTree = "<group>"; };
		45B5E7C11EF8A93900A6A3E2 /* profiler.inl */ = {isa = PBXFileReference; fileEncoding = 4; lastKnownFileType = text; path = profiler.inl; sourceTree = "<group>"; };
		45B5E7C21EF8A93900A6A3E2 /* profiler.hpp */ = {isa = PBXFileReference; fileEncoding = 4; lastKnownFileType = sourcecode.cpp.h; path = profiler.hpp; sourceTree = "<group>"; };
		45B5E7C31EF8A93900A6A3E2 /* benchmark.hpp */ = {isa = PBXFileReference; fileEncoding = 4; lastKnownFileType = sourcecode.cpp.h; path = benchmark.hpp; sourceTree = "<group>"; };
		45B5E7C91EF8A93900A6A3E2 /* move test.hpp */ = {isa = PBXFileReference; fileEncoding = 4; lastKnownFileType = sourcecode.cpp.h; path = "move test.hpp"; sourceTree = "<group>"; };
		45B5E7CF1EF8A93900A6A3E2 /* op stack.hpp */ = {isa = PBXFileReference; fileEncoding = 4; lastKnownFileType = sourcecode.cpp.h; path = "op stack.hpp"; sourceTree = "<group>"; };
		45B5E7D01EF8A93900A6A3E2 /* int least.hpp */ = {isa = PBXFileReference; fileEncoding = 4; lastKnownFileType = sourcecode.cpp.h; path = "int least.hpp"; sourceTree = "<group>"; };
		45B5E7D11EF8A93900A6A3E2 /* member function.hpp */ = {isa = PBXFileReference; fileEncoding = 4; lastKnownFileType = sourcecode.cpp.h; path = "member function.hpp"; sourceTree = "<group>"; };
		45B5E7D21EF8A93900A6A3E2 /* variadic type traits.hpp */ = {isa = PBXFileReference; fileEncoding = 4; lastKnownFileType = sourcecode.cpp.h; path = "variadic type traits.hpp"; sourceTree = "<group>"; };
		45B5E7D31EF8A93900A6A3E2 /* bool enable.hpp */ = {isa = PBXFileReference; fileEncoding = 4; lastKnownFileType = sourcecode.cpp.h; path = "bool enable.hpp"; sourceTree = "<group>"; };
		45B5E7D51EF8A93900A6A3E2 /* safe down cast.hpp */ = {isa = PBXFileReference; fileEncoding = 4; lastKnownFileType = sourcecode.cpp.h; path = "safe down cast.hpp"; sourceTree = "<group>"; };
		45B5E7D71EF8A93900A6A3E2 /* type name.hpp */ = {isa = PBXFileReference; fileEncoding = 4; lastKnownFileType = sourcecode.cpp.h; path = "type name.hpp"; sourceTree = "<group>"; };
		45B5E7D91EF8A93900A6A3E2 /* terminal color.inl */ = {isa = PBXFileReference; fileEncoding = 4; lastKnownFileType = text; path = "terminal color.inl"; sourceTree = "<group>"; };
		45B5E7DA1EF8A93900A6A3E2 /* terminal color.hpp */ = {isa = PBXFileReference; fileEncoding = 4; lastKnownFileType = sourcecode.cpp.h; path = "terminal color.hpp"; sourceTree = "<group>"; };
		45B5E7DB1EF8A93900A6A3E2 /* dispatcher.hpp */ = {isa = PBXFileReference; fileEncoding = 4; lastKnownFileType = sourcecode.cpp.h; path = dispatcher.hpp; sourceTree = "<group>"; };
		45B5E7DD1EF8A93900A6A3E2 /* null check.hpp */ = {isa = PBXFileReference; fileEncoding = 4; lastKnownFileType = sourcecode.cpp.h; path = "null check.hpp"; sourceTree = "<group>"; };
		45B5E7DE1EF8A93900A6A3E2 /* function traits.hpp */ = {isa = PBXFileReference; fileEncoding = 4; lastKnownFileType = sourcecode.cpp.h; path = "function traits.hpp"; sourceTree = "<group>"; };
		45B5E7E01EF8A93900A6A3E2 /* multi dim array.hpp */ = {isa = PBXFileReference; fileEncoding = 4; lastKnownFileType = sourcecode.cpp.h; path = "multi dim array.hpp"; sourceTree = "<group>"; };
		45B5E7E11EF8A93900A6A3E2 /* multi dim container.hpp */ = {isa = PBXFileReference; fileEncoding = 4; lastKnownFileType = sourcecode.cpp.h; path = "multi dim container.hpp"; sourceTree = "<group>"; };
		45B5E8051EF8ADCB00A6A3E2 /* constants.hpp */ = {isa = PBXFileReference; fileEncoding = 4; lastKnownFileType = sourcecode.cpp.h; path = constants.hpp; sourceTree = "<group>"; };
		45B5E8061EF8ADCB00A6A3E2 /* byteconstants.hpp */ = {isa = PBXFileReference; fileEncoding = 4; lastKnownFileType = sourcecode.cpp.h; path = byteconstants.hpp; sourceTree = "<group>"; };
		45B5E8071EF8ADCB00A6A3E2 /* siconstants.hpp */ = {isa = PBXFileReference; fileEncoding = 4; lastKnownFileType = sourcecode.cpp.h; path = siconstants.hpp; sourceTree = "<group>"; };
		45B5E8591EF8CB8D00A6A3E2 /* dir pair.hpp */ = {isa = PBXFileReference; lastKnownFileType = sourcecode.cpp.h; path = "dir pair.hpp"; sourceTree = "<group>"; };
		45B5E88D1EF8DCC400A6A3E2 /* event.hpp */ = {isa = PBXFileReference; fileEncoding = 4; lastKnownFileType = sourcecode.cpp.h; path = event.hpp; sourceTree = "<group>"; };
		45B5E88E1EF8DCC400A6A3E2 /* manager.inl */ = {isa = PBXFileReference; fileEncoding = 4; lastKnownFileType = text; path = manager.inl; sourceTree = "<group>"; };
		45B5E88F1EF8DCC400A6A3E2 /* manager.hpp */ = {isa = PBXFileReference; fileEncoding = 4; lastKnownFileType = sourcecode.cpp.h; path = manager.hpp; sourceTree = "<group>"; };
		45B5E8941EF8DCCF00A6A3E2 /* local.hpp */ = {isa = PBXFileReference; fileEncoding = 4; lastKnownFileType = sourcecode.cpp.h; path = local.hpp; sourceTree = "<group>"; };
		45B5E8951EF8DCCF00A6A3E2 /* global.hpp */ = {isa = PBXFileReference; fileEncoding = 4; lastKnownFileType = sourcecode.cpp.h; path = global.hpp; sourceTree = "<group>"; };
		45B5E8961EF8DCCF00A6A3E2 /* type.hpp */ = {isa = PBXFileReference; fileEncoding = 4; lastKnownFileType = sourcecode.cpp.h; path = type.hpp; sourceTree = "<group>"; };
		45B5E89C1EF8E14300A6A3E2 /* library.inl */ = {isa = PBXFileReference; fileEncoding = 4; lastKnownFileType = text; path = library.inl; sourceTree = "<group>"; };
		45B5E89D1EF8E14300A6A3E2 /* library.hpp */ = {isa = PBXFileReference; fileEncoding = 4; lastKnownFileType = sourcecode.cpp.h; path = library.hpp; sourceTree = "<group>"; };
		45B5E8A01EF8E14300A6A3E2 /* window.inl */ = {isa = PBXFileReference; fileEncoding = 4; lastKnownFileType = text; path = window.inl; sourceTree = "<group>"; };
		45B5E8A11EF8E14300A6A3E2 /* window.hpp */ = {isa = PBXFileReference; fileEncoding = 4; lastKnownFileType = sourcecode.cpp.h; path = window.hpp; sourceTree = "<group>"; };
		45B5E8AB1EF8E3ED00A6A3E2 /* renderer.inl */ = {isa = PBXFileReference; fileEncoding = 4; lastKnownFileType = text; path = renderer.inl; sourceTree = "<group>"; };
		45B5E8AC1EF8E3ED00A6A3E2 /* renderer.hpp */ = {isa = PBXFileReference; fileEncoding = 4; lastKnownFileType = sourcecode.cpp.h; path = renderer.hpp; sourceTree = "<group>"; };
		45B5E8C41EF9047000A6A3E2 /* paths.inl */ = {isa = PBXFileReference; fileEncoding = 4; lastKnownFileType = text; path = paths.inl; sourceTree = "<group>"; };
		45B5E8C51EF9047000A6A3E2 /* paths.hpp */ = {isa = PBXFileReference; fileEncoding = 4; lastKnownFileType = sourcecode.cpp.h; path = paths.hpp; sourceTree = "<group>"; };
		45C525A11FEDFC0800A738E0 /* generic raii.hpp */ = {isa = PBXFileReference; lastKnownFileType = sourcecode.cpp.h; path = "generic raii.hpp"; sourceTree = "<group>"; };
		45C525A61FEE034D00A738E0 /* framebuffer.inl */ = {isa = PBXFileReference; lastKnownFileType = text; path = framebuffer.inl; sourceTree = "<group>"; };
		45C525A71FEE034D00A738E0 /* framebuffer.hpp */ = {isa = PBXFileReference; lastKnownFileType = sourcecode.cpp.h; path = framebuffer.hpp; sourceTree = "<group>"; };
		45C918D6202E53B800AC4608 /* impl0.cpp */ = {isa = PBXFileReference; lastKnownFileType = sourcecode.cpp.cpp; path = impl0.cpp; sourceTree = "<group>"; };
		45C918DB202E541700AC4608 /* libTest.dylib */ = {isa = PBXFileReference; explicitFileType = "compiled.mach-o.dylib"; includeInIndex = 0; path = libTest.dylib; sourceTree = BUILT_PRODUCTS_DIR; };
		45C918E0202E628800AC4608 /* impl1.cpp */ = {isa = PBXFileReference; lastKnownFileType = sourcecode.cpp.cpp; path = impl1.cpp; sourceTree = "<group>"; };
		45C9190B202FCF0800AC4608 /* rotate.hpp */ = {isa = PBXFileReference; lastKnownFileType = sourcecode.cpp.h; path = rotate.hpp; sourceTree = "<group>"; };
		45C9190C202FCF0800AC4608 /* rotate.inl */ = {isa = PBXFileReference; lastKnownFileType = text; path = rotate.inl; sourceTree = "<group>"; };
		45DEA0321F7F757200B1DA72 /* parse string.inl */ = {isa = PBXFileReference; fileEncoding = 4; lastKnownFileType = text; path = "parse string.inl"; sourceTree = "<group>"; };
		45DEA0331F7F757200B1DA72 /* parse string.hpp */ = {isa = PBXFileReference; fileEncoding = 4; lastKnownFileType = sourcecode.cpp.h; path = "parse string.hpp"; sourceTree = "<group>"; };
		45DEA0371F80B36900B1DA72 /* tuple.hpp */ = {isa = PBXFileReference; lastKnownFileType = sourcecode.cpp.h; path = tuple.hpp; sourceTree = "<group>"; };
		45F3DB841F1AFEF10058D36B /* type list.hpp */ = {isa = PBXFileReference; lastKnownFileType = sourcecode.cpp.h; path = "type list.hpp"; sourceTree = "<group>"; };
		45F3DB861F1B4F750058D36B /* strong alias.hpp */ = {isa = PBXFileReference; lastKnownFileType = sourcecode.cpp.h; path = "strong alias.hpp"; sourceTree = "<group>"; };
		45F623F4200C96A500AEB428 /* audio library.hpp */ = {isa = PBXFileReference; lastKnownFileType = sourcecode.cpp.h; path = "audio library.hpp"; sourceTree = "<group>"; };
		45F623F5200C96A500AEB428 /* audio library.inl */ = {isa = PBXFileReference; lastKnownFileType = text; path = "audio library.inl"; sourceTree = "<group>"; };
		45F6242E200CB59900AEB428 /* music.hpp */ = {isa = PBXFileReference; lastKnownFileType = sourcecode.cpp.h; path = music.hpp; sourceTree = "<group>"; };
		45F6242F200CB59900AEB428 /* music.inl */ = {isa = PBXFileReference; lastKnownFileType = text; path = music.inl; sourceTree = "<group>"; };
		45FA99411F3695E500F8C639 /* hash.hpp */ = {isa = PBXFileReference; lastKnownFileType = sourcecode.cpp.h; path = hash.hpp; sourceTree = "<group>"; };
		45FA99481F36D6D400F8C639 /* simple anim.hpp */ = {isa = PBXFileReference; lastKnownFileType = sourcecode.cpp.h; path = "simple anim.hpp"; sourceTree = "<group>"; };
/* End PBXFileReference section */

/* Begin PBXFrameworksBuildPhase section */
		454B2B0E2040E0C300D94D6A /* Frameworks */ = {
			isa = PBXFrameworksBuildPhase;
			buildActionMask = 2147483647;
			files = (
				454B2B3C2041867C00D94D6A /* libz.1.dylib in Frameworks */,
			);
			runOnlyForDeploymentPostprocessing = 0;
		};
/* End PBXFrameworksBuildPhase section */

/* Begin PBXGroup section */
		4507595A1FF5E8280009B360 /* Data */ = {
			isa = PBXGroup;
			children = (
				4507595C1FF5E87A0009B360 /* json.hpp */,
			);
			path = Data;
			sourceTree = "<group>";
		};
		450ED63E1FBBAE30008F2902 /* Camera 2D */ = {
			isa = PBXGroup;
			children = (
				450ED63F1FBBAE40008F2902 /* camera.inl */,
				450ED6401FBBAE40008F2902 /* camera.hpp */,
				450ED6471FBBAF1D008F2902 /* aabb.hpp */,
				450ED6441FBBAE9A008F2902 /* props.hpp */,
				4584F4101FCCF72E0062B93E /* matrix mul.hpp */,
				450ED6481FBBAF60008F2902 /* transform.inl */,
				450ED6491FBBAF60008F2902 /* transform.hpp */,
				4533A8D51FCA34410027B0FB /* animate.hpp */,
				4533A8DF1FCA3E4B0027B0FB /* target.hpp */,
				450ED66A1FBBB787008F2902 /* Impl */,
			);
			path = "Camera 2D";
			sourceTree = "<group>";
		};
		450ED66A1FBBB787008F2902 /* Impl */ = {
			isa = PBXGroup;
			children = (
				4533DCC51FBBDF350058390C /* zoom to fit.inl */,
				4533DCC61FBBDF350058390C /* zoom to fit.hpp */,
				4533A8D91FCA34E50027B0FB /* constant speed.hpp */,
				4541A4B41FD7734400AD20C1 /* constant scale.hpp */,
				45C9190C202FCF0800AC4608 /* rotate.inl */,
				45C9190B202FCF0800AC4608 /* rotate.hpp */,
			);
			name = Impl;
			sourceTree = "<group>";
		};
		454B2AF9203E92D800D94D6A /* Surface */ = {
			isa = PBXGroup;
			children = (
				454B2B02203E930900D94D6A /* realloc.hpp */,
				454B2AFC203E930800D94D6A /* stb_image.h */,
				454B2B04203E930900D94D6A /* stb_image_write.h */,
				454B2B00203E930900D94D6A /* surface.inl */,
				454B2AFB203E930700D94D6A /* surface.hpp */,
				454B2AFE203E930800D94D6A /* load surface.inl */,
				454B2AFA203E930700D94D6A /* load surface.hpp */,
				454B2AFD203E930800D94D6A /* write surface.inl */,
				454B2B01203E930900D94D6A /* write surface.hpp */,
				454B2B03203E930900D94D6A /* blit surface.inl */,
				454B2AFF203E930800D94D6A /* blit surface.hpp */,
				4568265C2099D07500BA6AE8 /* filter surface.inl */,
				4568265B2099D07500BA6AE8 /* filter surface.hpp */,
			);
			name = Surface;
			sourceTree = "<group>";
		};
		454B2B06203E98F600D94D6A /* Sprite */ = {
			isa = PBXGroup;
			children = (
				454B2B37204138D000D94D6A /* types.inl */,
				454B2B36204138D000D94D6A /* types.hpp */,
				454B2B08203E994D00D94D6A /* sheet.inl */,
				454B2B07203E994D00D94D6A /* sheet.hpp */,
			);
			path = Sprite;
			sourceTree = "<group>";
		};
		454B2B122040E0C300D94D6A /* Pack */ = {
			isa = PBXGroup;
			children = (
				454B2B1C2040E1C000D94D6A /* search dir.cpp */,
				454B2B1B2040E1C000D94D6A /* search dir.hpp */,
				454B2B222040E3A300D94D6A /* sort by frame.cpp */,
				454B2B212040E3A200D94D6A /* sort by frame.hpp */,
				454B2B1E2040E23800D94D6A /* load images.cpp */,
				454B2B1F2040E23800D94D6A /* load images.hpp */,
				454B2B252040E43900D94D6A /* stb_rect_pack.c */,
				454B2B242040E42400D94D6A /* stb_rect_pack.h */,
				454B2B272040E4DA00D94D6A /* rects from images.cpp */,
				454B2B282040E4DA00D94D6A /* rects from images.hpp */,
				454B2B2A2040E69900D94D6A /* pack rects.cpp */,
				454B2B2B2040E69900D94D6A /* pack rects.hpp */,
				454B2B2E2040E9F900D94D6A /* blit images.cpp */,
				454B2B2D2040E9F900D94D6A /* blit images.hpp */,
				454B2B302040ECDC00D94D6A /* write atlas.cpp */,
				454B2B312040ECDC00D94D6A /* write atlas.hpp */,
				454B2B38204177C100D94D6A /* write image.cpp */,
				454B2B39204177C100D94D6A /* write image.hpp */,
				454B2B3320410A3E00D94D6A /* app.cpp */,
				454B2B3420410A3E00D94D6A /* app.hpp */,
				454B2B132040E0C300D94D6A /* main.cpp */,
			);
			path = Pack;
			sourceTree = "<group>";
		};
		45771C0B1FE876A400F533DA /* OpenGL */ = {
			isa = PBXGroup;
			children = (
				45771C0C1FE8770800F533DA /* opengl.hpp */,
				45771C0D1FE8781D00F533DA /* uniforms.hpp */,
				45771C111FE87DCF00F533DA /* type enum.hpp */,
				45771C131FE8817100F533DA /* attrib pointer.hpp */,
				45771C181FE8B1B000F533DA /* context.inl */,
				45771C191FE8B1B000F533DA /* context.hpp */,
				45771C1C1FE8C4BB00F533DA /* texture.inl */,
				45771C1D1FE8C4BB00F533DA /* texture.hpp */,
				4520AD6C1FE9D68400ECE3C1 /* static char buffer.hpp */,
				45771C221FE8F8A100F533DA /* shader.inl */,
				45771C231FE8F8A100F533DA /* shader.hpp */,
				45771C261FE8FF1100F533DA /* shader program.inl */,
				45771C271FE8FF1100F533DA /* shader program.hpp */,
				45771C2A1FE90D1500F533DA /* buffer.inl */,
				45771C2B1FE90D1500F533DA /* buffer.hpp */,
				45771C2E1FE9129D00F533DA /* vertex array.inl */,
				45771C2F1FE9129D00F533DA /* vertex array.hpp */,
				45C525A61FEE034D00A738E0 /* framebuffer.inl */,
				45C525A71FEE034D00A738E0 /* framebuffer.hpp */,
			);
			path = OpenGL;
			sourceTree = "<group>";
		};
		4589059220301AF10050F1C4 /* Graphics 2D */ = {
			isa = PBXGroup;
			children = (
				454B2AF9203E92D800D94D6A /* Surface */,
				4589059320301B0B0050F1C4 /* types.hpp */,
				458D21BE205DF92300FC644A /* geom types.hpp */,
				458D21BF205DF92B00FC644A /* render types.hpp */,
				45890596203027770050F1C4 /* shaders.hpp */,
				4589059520301F8A0050F1C4 /* renderer.inl */,
				4589059420301F8A0050F1C4 /* renderer.hpp */,
				454B2AF5203D6F5E00D94D6A /* zsort.inl */,
				454B2AF4203D6F5E00D94D6A /* zsort.hpp */,
				45388510208C40F9003EB260 /* quad writer.inl */,
				4538850F208C40F9003EB260 /* quad writer.hpp */,
				45682655209981FC00BA6AE8 /* sheet tex.inl */,
				45682654209981FC00BA6AE8 /* sheet tex.hpp */,
			);
			path = "Graphics 2D";
			sourceTree = "<group>";
		};
		4592BAE71F11C3A400D1640D /* Application */ = {
			isa = PBXGroup;
			children = (
				4592BAE91F11C3CB00D1640D /* app.hpp */,
				4592BAED1F11C50F00D1640D /* sdl app.hpp */,
			);
			path = Application;
			sourceTree = "<group>";
		};
		45B32EB31FF47E37007BA7F4 /* Box2D */ = {
			isa = PBXGroup;
			children = (
				45B32EB41FF47E60007BA7F4 /* glm.hpp */,
				450759601FF5EB6F0009B360 /* json.hpp */,
				45B32EBF1FF49318007BA7F4 /* entity id.hpp */,
				45B32EC11FF495DC007BA7F4 /* object types.hpp */,
				450759541FF5CEA30009B360 /* collision categories.hpp */,
				45B32EC31FF4A296007BA7F4 /* limit velocity.hpp */,
				4507594C1FF5B6B30009B360 /* collision pairs.inl */,
				4507594D1FF5B6B30009B360 /* collision pairs.hpp */,
				450759501FF5CA910009B360 /* contact listener.inl */,
				450759511FF5CA910009B360 /* contact listener.hpp */,
				450759561FF5D3620009B360 /* nanovg debug draw.inl */,
				450759571FF5D3620009B360 /* nanovg debug draw.hpp */,
				450759631FF5F12B0009B360 /* parse json.inl */,
				450759621FF5EE420009B360 /* parse json.hpp */,
			);
			path = Box2D;
			sourceTree = "<group>";
		};
		45B32EBC1FF484F2007BA7F4 /* ECS */ = {
			isa = PBXGroup;
			children = (
				45B32EBD1FF4852D007BA7F4 /* registry.hpp */,
				450759681FF610EC0009B360 /* json.inl */,
				450759691FF610EC0009B360 /* json.hpp */,
				450759661FF60E290009B360 /* entity id map.inl */,
				450759671FF60E290009B360 /* entity id map.hpp */,
				4507596E1FF74CB90009B360 /* comp init.hpp */,
				450759701FF760C70009B360 /* comp inits.hpp */,
				450759721FF769DE0009B360 /* level.hpp */,
				450759781FF76FCD0009B360 /* progress manager.inl */,
				450759771FF76FCD0009B360 /* progress manager.hpp */,
				4507597D1FF86B290009B360 /* level manager.inl */,
				4507597C1FF86B290009B360 /* level manager.hpp */,
			);
			path = ECS;
			sourceTree = "<group>";
		};
		45B5E6961EF7C25200A6A3E2 = {
			isa = PBXGroup;
			children = (
				45C918EF202E73CA00AC4608 /* Test */,
				45B5E6A11EF7C25200A6A3E2 /* Simpleton Engine */,
				454B2B122040E0C300D94D6A /* Pack */,
				45B5E6A01EF7C25200A6A3E2 /* Products */,
				45B5E8AF1EF9028600A6A3E2 /* Frameworks */,
			);
			sourceTree = "<group>";
		};
		45B5E6A01EF7C25200A6A3E2 /* Products */ = {
			isa = PBXGroup;
			children = (
				45B5E69F1EF7C25200A6A3E2 /* libSimpleton Engine.dylib */,
				45C918DB202E541700AC4608 /* libTest.dylib */,
				454B2B112040E0C300D94D6A /* Pack */,
			);
			name = Products;
			sourceTree = "<group>";
		};
		45B5E6A11EF7C25200A6A3E2 /* Simpleton Engine */ = {
			isa = PBXGroup;
			children = (
				45C6DDE320A82F0C002A133F /* Grid */,
				454B2B06203E98F600D94D6A /* Sprite */,
				4507595A1FF5E8280009B360 /* Data */,
				45B32EBC1FF484F2007BA7F4 /* ECS */,
				45B32EB31FF47E37007BA7F4 /* Box2D */,
				45771C0B1FE876A400F533DA /* OpenGL */,
				4589059220301AF10050F1C4 /* Graphics 2D */,
				450ED63E1FBBAE30008F2902 /* Camera 2D */,
				4592BAE71F11C3A400D1640D /* Application */,
				45B5E88B1EF8DCA000A6A3E2 /* ID */,
				45B5E8821EF8DC5C00A6A3E2 /* Event */,
				45B5E85A1EF8D8B900A6A3E2 /* SDL */,
				45B5E6B41EF7C60E00A6A3E2 /* Time */,
				45B5E6B31EF7C60800A6A3E2 /* Memory */,
				45B5E6B21EF7C3C700A6A3E2 /* Math */,
				45B5E6B01EF7C3BB00A6A3E2 /* Utils */,
			);
			path = "Simpleton Engine";
			sourceTree = "<group>";
		};
		45B5E6B01EF7C3BB00A6A3E2 /* Utils */ = {
			isa = PBXGroup;
			children = (
				45B5E7C01EF8A93900A6A3E2 /* instance limiter.hpp */,
				45B5E7C11EF8A93900A6A3E2 /* profiler.inl */,
				45B5E7C21EF8A93900A6A3E2 /* profiler.hpp */,
				45B5E7C31EF8A93900A6A3E2 /* benchmark.hpp */,
				45B5E7C91EF8A93900A6A3E2 /* move test.hpp */,
				45B5E7CF1EF8A93900A6A3E2 /* op stack.hpp */,
				45B5E7D01EF8A93900A6A3E2 /* int least.hpp */,
				45B5E7D11EF8A93900A6A3E2 /* member function.hpp */,
				45B5E7D21EF8A93900A6A3E2 /* variadic type traits.hpp */,
				45B5E7D31EF8A93900A6A3E2 /* bool enable.hpp */,
				45B5E7D51EF8A93900A6A3E2 /* safe down cast.hpp */,
				45B5E7D71EF8A93900A6A3E2 /* type name.hpp */,
				45B5E7D91EF8A93900A6A3E2 /* terminal color.inl */,
				45B5E7DA1EF8A93900A6A3E2 /* terminal color.hpp */,
				45B5E7DB1EF8A93900A6A3E2 /* dispatcher.hpp */,
				45B5E7DD1EF8A93900A6A3E2 /* null check.hpp */,
				45B5E7DE1EF8A93900A6A3E2 /* function traits.hpp */,
				45B5E7E01EF8A93900A6A3E2 /* multi dim array.hpp */,
				45B5E7E11EF8A93900A6A3E2 /* multi dim container.hpp */,
				45F3DB841F1AFEF10058D36B /* type list.hpp */,
				45F3DB861F1B4F750058D36B /* strong alias.hpp */,
				4529DEE91F31AABD00071267 /* line col.hpp */,
				45FA99411F3695E500F8C639 /* hash.hpp */,
				452B82F41F3EF86900AF9AC6 /* bits.hpp */,
				45DEA0321F7F757200B1DA72 /* parse string.inl */,
				45DEA0331F7F757200B1DA72 /* parse string.hpp */,
				454B2B0A203ED5E100D94D6A /* compose string.inl */,
				454B2B09203ED5E100D94D6A /* compose string.hpp */,
				45DEA0371F80B36900B1DA72 /* tuple.hpp */,
				4584F40B1FCCF0C80062B93E /* combine hashes.hpp */,
				45771C151FE8952D00F533DA /* meta glm.hpp */,
				45C525A11FEDFC0800A738E0 /* generic raii.hpp */,
				454B2B0B2040C8C800D94D6A /* endian.hpp */,
			);
			path = Utils;
			sourceTree = "<group>";
		};
		45B5E6B21EF7C3C700A6A3E2 /* Math */ = {
			isa = PBXGroup;
			children = (
				45B5E8051EF8ADCB00A6A3E2 /* constants.hpp */,
				45B5E8061EF8ADCB00A6A3E2 /* byteconstants.hpp */,
				45B5E8071EF8ADCB00A6A3E2 /* siconstants.hpp */,
				45B5E7621EF8A8A700A6A3E2 /* clamp.hpp */,
				45B5E7681EF8A8A700A6A3E2 /* interpolate.hpp */,
				45B5E7691EF8A8A700A6A3E2 /* pow.hpp */,
				45B5E76A1EF8A8A700A6A3E2 /* scale.hpp */,
				45B5E76D1EF8A8A700A6A3E2 /* round.hpp */,
				45B5E7701EF8A8A700A6A3E2 /* vectors.hpp */,
				45B5E7711EF8A8A700A6A3E2 /* rect.hpp */,
				45B5E7721EF8A8A700A6A3E2 /* dir.hpp */,
				450759811FF9F2EF0009B360 /* dir bits.hpp */,
				45B5E8591EF8CB8D00A6A3E2 /* dir pair.hpp */,
				45103F381F2324A6001B24E2 /* point in polygon.hpp */,
				452B82F61F41924500AF9AC6 /* rand.hpp */,
				4541160D1F51479800C2865B /* int float.hpp */,
				452FF9F11F68CCB3003A98B1 /* live stats.hpp */,
				4584F4151FCE7D5B0062B93E /* digit stack.hpp */,
			);
			path = Math;
			sourceTree = "<group>";
		};
		45B5E6B31EF7C60800A6A3E2 /* Memory */ = {
			isa = PBXGroup;
			children = (
				45B5E78C1EF8A90D00A6A3E2 /* byteptr.hpp */,
				45B5E78F1EF8A90D00A6A3E2 /* buffer.inl */,
				45B5E7901EF8A90D00A6A3E2 /* buffer.hpp */,
				45B5E7911EF8A90D00A6A3E2 /* view.hpp */,
				45B5E7961EF8A90D00A6A3E2 /* file io.inl */,
				45B5E7971EF8A90D00A6A3E2 /* file io.hpp */,
				451CC0DF1F9312C70000E424 /* block allocator.hpp */,
			);
			path = Memory;
			sourceTree = "<group>";
		};
		45B5E6B41EF7C60E00A6A3E2 /* Time */ = {
			isa = PBXGroup;
			children = (
				45B5E7A71EF8A92500A6A3E2 /* get.hpp */,
				45B5E7A81EF8A92500A6A3E2 /* freq limiter.hpp */,
				45B5E7AB1EF8A92500A6A3E2 /* delta.hpp */,
				45B5E7AD1EF8A92500A6A3E2 /* stopwatch.hpp */,
				45B5E7AE1EF8A92500A6A3E2 /* timer.hpp */,
				45B5E7AF1EF8A92500A6A3E2 /* fps.inl */,
				45B5E7B01EF8A92500A6A3E2 /* fps.hpp */,
				4592B49C1F06427200D1640D /* frame.hpp */,
				4592BB111F11F86F00D1640D /* main loop.hpp */,
				45FA99481F36D6D400F8C639 /* simple anim.hpp */,
				4509F8E31F5BB83B00927A19 /* anim.hpp */,
				450ED62E1FB93B43008F2902 /* progress speed anim.hpp */,
			);
			path = Time;
			sourceTree = "<group>";
		};
		45B5E85A1EF8D8B900A6A3E2 /* SDL */ = {
			isa = PBXGroup;
			children = (
				453479B41F21AC860083743E /* error.hpp */,
				45B5E89C1EF8E14300A6A3E2 /* library.inl */,
				45B5E89D1EF8E14300A6A3E2 /* library.hpp */,
				4592B96B1F0A2BA600D1640D /* font library.inl */,
				4592B96C1F0A2BA600D1640D /* font library.hpp */,
				45F623F5200C96A500AEB428 /* audio library.inl */,
				45F623F4200C96A500AEB428 /* audio library.hpp */,
				45F6242F200CB59900AEB428 /* music.inl */,
				45F6242E200CB59900AEB428 /* music.hpp */,
				4538859A209010C5003EB260 /* chunk.inl */,
				45388599209010C5003EB260 /* chunk.hpp */,
				45B5E8A01EF8E14300A6A3E2 /* window.inl */,
				45B5E8A11EF8E14300A6A3E2 /* window.hpp */,
				45B5E8AB1EF8E3ED00A6A3E2 /* renderer.inl */,
				45B5E8AC1EF8E3ED00A6A3E2 /* renderer.hpp */,
				45B5E8C41EF9047000A6A3E2 /* paths.inl */,
				45B5E8C51EF9047000A6A3E2 /* paths.hpp */,
				4592B9651F0A24C800D1640D /* texture.hpp */,
				45B32E4D1FF34F66007BA7F4 /* surface.hpp */,
				45B32EAE1FF47C59007BA7F4 /* debug input.inl */,
				45B32EAF1FF47C59007BA7F4 /* debug input.hpp */,
				45B32EB71FF481FD007BA7F4 /* events.inl */,
				45B32EB81FF481FD007BA7F4 /* events.hpp */,
				456B8378205CD63C0016F6D0 /* mainloop.hpp */,
			);
			path = SDL;
			sourceTree = "<group>";
		};
		45B5E8821EF8DC5C00A6A3E2 /* Event */ = {
			isa = PBXGroup;
			children = (
				45B5E88D1EF8DCC400A6A3E2 /* event.hpp */,
				45B5E88E1EF8DCC400A6A3E2 /* manager.inl */,
				45B5E88F1EF8DCC400A6A3E2 /* manager.hpp */,
			);
			path = Event;
			sourceTree = "<group>";
		};
		45B5E88B1EF8DCA000A6A3E2 /* ID */ = {
			isa = PBXGroup;
			children = (
				45B5E8941EF8DCCF00A6A3E2 /* local.hpp */,
				45B5E8951EF8DCCF00A6A3E2 /* global.hpp */,
				45B5E8961EF8DCCF00A6A3E2 /* type.hpp */,
			);
			path = ID;
			sourceTree = "<group>";
		};
		45B5E8AF1EF9028600A6A3E2 /* Frameworks */ = {
			isa = PBXGroup;
			children = (
				454B2B3B2041867C00D94D6A /* libz.1.dylib */,
				45771B861FE723B600F533DA /* libSDL2-2.0.0.dylib */,
				45771B841FE7238200F533DA /* SDL2.framework */,
				454D04A01FE63DFB00D3E560 /* libSDL2.a */,
				454D049E1FE63DDC00D3E560 /* libSDL2_ttf.a */,
				4592B9711F0A2E7600D1640D /* libSDL2_ttf-2.0.0.dylib */,
			);
			name = Frameworks;
			sourceTree = "<group>";
		};
		45C6DDE320A82F0C002A133F /* Grid */ = {
			isa = PBXGroup;
			children = (
				45388485208AA9D1003EB260 /* grid.hpp */,
			);
			path = Grid;
			sourceTree = "<group>";
		};
		45C918EF202E73CA00AC4608 /* Test */ = {
			isa = PBXGroup;
			children = (
				45C918D6202E53B800AC4608 /* impl0.cpp */,
				45C918E0202E628800AC4608 /* impl1.cpp */,
			);
			path = Test;
			sourceTree = "<group>";
		};
/* End PBXGroup section */

/* Begin PBXNativeTarget section */
		454B2B102040E0C300D94D6A /* Pack */ = {
			isa = PBXNativeTarget;
			buildConfigurationList = 454B2B152040E0C300D94D6A /* Build configuration list for PBXNativeTarget "Pack" */;
			buildPhases = (
				454B2B0D2040E0C300D94D6A /* Sources */,
				454B2B0E2040E0C300D94D6A /* Frameworks */,
				454B2B182040E13200D94D6A /* ShellScript */,
			);
			buildRules = (
			);
			dependencies = (
				454B2B1A2040E16D00D94D6A /* PBXTargetDependency */,
			);
			name = Pack;
			productName = Pack;
			productReference = 454B2B112040E0C300D94D6A /* Pack */;
			productType = "com.apple.product-type.tool";
		};
		45B5E69E1EF7C25200A6A3E2 /* Simpleton Engine */ = {
			isa = PBXNativeTarget;
			buildConfigurationList = 45B5E6AA1EF7C25200A6A3E2 /* Build configuration list for PBXNativeTarget "Simpleton Engine" */;
			buildPhases = (
				451452B71FF340FD007C57AF /* ShellScript */,
			);
			buildRules = (
			);
			dependencies = (
				45C918E4202E69FF00AC4608 /* PBXTargetDependency */,
			);
			name = "Simpleton Engine";
			productName = "Simpleton Engine";
			productReference = 45B5E69F1EF7C25200A6A3E2 /* libSimpleton Engine.dylib */;
			productType = "com.apple.product-type.library.dynamic";
		};
		45C918DA202E541700AC4608 /* Test */ = {
			isa = PBXNativeTarget;
			buildConfigurationList = 45C918DC202E541700AC4608 /* Build configuration list for PBXNativeTarget "Test" */;
			buildPhases = (
				45C918E2202E62BC00AC4608 /* ShellScript */,
				45C918D7202E541700AC4608 /* Sources */,
			);
			buildRules = (
			);
			dependencies = (
			);
			name = Test;
			productName = Test;
			productReference = 45C918DB202E541700AC4608 /* libTest.dylib */;
			productType = "com.apple.product-type.library.dynamic";
		};
/* End PBXNativeTarget section */

/* Begin PBXProject section */
		45B5E6971EF7C25200A6A3E2 /* Project object */ = {
			isa = PBXProject;
			attributes = {
				LastUpgradeCheck = 0930;
				ORGANIZATIONNAME = "Indi Kernick";
				TargetAttributes = {
					454B2B102040E0C300D94D6A = {
						CreatedOnToolsVersion = 9.2;
						ProvisioningStyle = Automatic;
					};
					45B5E69E1EF7C25200A6A3E2 = {
						CreatedOnToolsVersion = 8.3.2;
						ProvisioningStyle = Automatic;
					};
					45C918DA202E541700AC4608 = {
						CreatedOnToolsVersion = 9.2;
						ProvisioningStyle = Automatic;
					};
				};
			};
			buildConfigurationList = 45B5E69A1EF7C25200A6A3E2 /* Build configuration list for PBXProject "Simpleton Engine" */;
			compatibilityVersion = "Xcode 8.0";
			developmentRegion = English;
			hasScannedForEncodings = 0;
			knownRegions = (
				en,
			);
			mainGroup = 45B5E6961EF7C25200A6A3E2;
			productRefGroup = 45B5E6A01EF7C25200A6A3E2 /* Products */;
			projectDirPath = "";
			projectRoot = "";
			targets = (
				45B5E69E1EF7C25200A6A3E2 /* Simpleton Engine */,
				45C918DA202E541700AC4608 /* Test */,
				454B2B102040E0C300D94D6A /* Pack */,
			);
		};
/* End PBXProject section */

/* Begin PBXShellScriptBuildPhase section */
		451452B71FF340FD007C57AF /* ShellScript */ = {
			isa = PBXShellScriptBuildPhase;
			buildActionMask = 2147483647;
			files = (
			);
			inputPaths = (
				"$(PROJECT_DIR)",
			);
			outputPaths = (
			);
			runOnlyForDeploymentPostprocessing = 0;
			shellPath = /bin/bash;
			shellScript = "INSTALL_DIR=/usr/local/include/Simpleton\nrm -dfR $INSTALL_DIR\nmkdir $INSTALL_DIR\ncp -RpX \"$PROJECT_DIR/$PROJECT/\" $INSTALL_DIR";
		};
		454B2B182040E13200D94D6A /* ShellScript */ = {
			isa = PBXShellScriptBuildPhase;
			buildActionMask = 2147483647;
			files = (
			);
			inputPaths = (
			);
			outputPaths = (
			);
			runOnlyForDeploymentPostprocessing = 0;
			shellPath = /bin/bash;
			shellScript = "cp \"$BUILT_PRODUCTS_DIR/$TARGET_NAME\" /usr/local/bin/pack";
		};
		45C918E2202E62BC00AC4608 /* ShellScript */ = {
			isa = PBXShellScriptBuildPhase;
			buildActionMask = 2147483647;
			files = (
			);
			inputPaths = (
			);
			outputPaths = (
			);
			runOnlyForDeploymentPostprocessing = 0;
			shellPath = /bin/bash;
			shellScript = "# \"*\" for all modules \"*Utils*\" for just Utils module\nMODULE=\"*\"\n\nfind \"$PROJECT\" -name \"*.hpp\" -path \"$MODULE\" -not -path \"*Box2D*\" |\nxargs -I {} echo '#include \"../{}\"' |\ntee Test/impl0.cpp Test/impl1.cpp > /dev/null";
		};
/* End PBXShellScriptBuildPhase section */

/* Begin PBXSourcesBuildPhase section */
		454B2B0D2040E0C300D94D6A /* Sources */ = {
			isa = PBXSourcesBuildPhase;
			buildActionMask = 2147483647;
			files = (
				454B2B262040E43900D94D6A /* stb_rect_pack.c in Sources */,
				454B2B3520410A3E00D94D6A /* app.cpp in Sources */,
				454B2B2F2040E9F900D94D6A /* blit images.cpp in Sources */,
				454B2B232040E3A300D94D6A /* sort by frame.cpp in Sources */,
				454B2B1D2040E1C000D94D6A /* search dir.cpp in Sources */,
				454B2B202040E23800D94D6A /* load images.cpp in Sources */,
				454B2B3A204177C100D94D6A /* write image.cpp in Sources */,
				454B2B142040E0C300D94D6A /* main.cpp in Sources */,
				454B2B2C2040E69900D94D6A /* pack rects.cpp in Sources */,
				454B2B292040E4DA00D94D6A /* rects from images.cpp in Sources */,
				454B2B322040ECDC00D94D6A /* write atlas.cpp in Sources */,
			);
			runOnlyForDeploymentPostprocessing = 0;
		};
		45C918D7202E541700AC4608 /* Sources */ = {
			isa = PBXSourcesBuildPhase;
			buildActionMask = 2147483647;
			files = (
				45C918DF202E541F00AC4608 /* impl0.cpp in Sources */,
				45C918E1202E628800AC4608 /* impl1.cpp in Sources */,
			);
			runOnlyForDeploymentPostprocessing = 0;
		};
/* End PBXSourcesBuildPhase section */

/* Begin PBXTargetDependency section */
		454B2B1A2040E16D00D94D6A /* PBXTargetDependency */ = {
			isa = PBXTargetDependency;
			target = 45B5E69E1EF7C25200A6A3E2 /* Simpleton Engine */;
			targetProxy = 454B2B192040E16D00D94D6A /* PBXContainerItemProxy */;
		};
		45C918E4202E69FF00AC4608 /* PBXTargetDependency */ = {
			isa = PBXTargetDependency;
			target = 45C918DA202E541700AC4608 /* Test */;
			targetProxy = 45C918E3202E69FF00AC4608 /* PBXContainerItemProxy */;
		};
/* End PBXTargetDependency section */

/* Begin XCBuildConfiguration section */
		454B2B162040E0C300D94D6A /* Debug */ = {
			isa = XCBuildConfiguration;
			buildSettings = {
				CLANG_CXX_LANGUAGE_STANDARD = "c++17";
				CLANG_WARN_UNGUARDED_AVAILABILITY = YES_AGGRESSIVE;
				CODE_SIGN_IDENTITY = "Mac Developer";
				CODE_SIGN_STYLE = Automatic;
				DEVELOPMENT_TEAM = QY44MADGVC;
				GCC_C_LANGUAGE_STANDARD = gnu11;
				HEADER_SEARCH_PATHS = /usr/local/include;
				OTHER_CPLUSPLUSFLAGS = (
					"$(OTHER_CFLAGS)",
					"-Wall",
					"-Wextra",
					"-Weffc++",
					"-Wpedantic",
					"-Wextra-semi",
					"-Wno-documentation",
					"-msse2",
				);
				OTHER_LDFLAGS = /usr/local/Cellar/libpng/1.6.34/lib/libpng.a;
				PRODUCT_NAME = "$(TARGET_NAME)";
			};
			name = Debug;
		};
		454B2B172040E0C300D94D6A /* Release */ = {
			isa = XCBuildConfiguration;
			buildSettings = {
				CLANG_CXX_LANGUAGE_STANDARD = "c++17";
				CLANG_WARN_UNGUARDED_AVAILABILITY = YES_AGGRESSIVE;
				CODE_SIGN_IDENTITY = "Mac Developer";
				CODE_SIGN_STYLE = Automatic;
				DEVELOPMENT_TEAM = QY44MADGVC;
				GCC_C_LANGUAGE_STANDARD = gnu11;
				GCC_OPTIMIZATION_LEVEL = 3;
				GCC_PREPROCESSOR_DEFINITIONS = (
					RELEASE,
					ENABLE_PROFILER,
				);
				HEADER_SEARCH_PATHS = /usr/local/include;
				OTHER_CPLUSPLUSFLAGS = (
					"$(OTHER_CFLAGS)",
					"-Wall",
					"-Wextra",
					"-Weffc++",
					"-Wpedantic",
					"-Wextra-semi",
					"-Wno-documentation",
					"-msse2",
				);
				OTHER_LDFLAGS = /usr/local/Cellar/libpng/1.6.34/lib/libpng.a;
				PRODUCT_NAME = "$(TARGET_NAME)";
			};
			name = Release;
		};
		45B5E6A81EF7C25200A6A3E2 /* Debug */ = {
			isa = XCBuildConfiguration;
			buildSettings = {
				ALWAYS_SEARCH_USER_PATHS = NO;
				CLANG_ANALYZER_NONNULL = YES;
				CLANG_ANALYZER_NUMBER_OBJECT_CONVERSION = YES_AGGRESSIVE;
				CLANG_CXX_LANGUAGE_STANDARD = "gnu++0x";
				CLANG_CXX_LIBRARY = "libc++";
				CLANG_ENABLE_MODULES = YES;
				CLANG_ENABLE_OBJC_ARC = YES;
				CLANG_WARN_BLOCK_CAPTURE_AUTORELEASING = YES;
				CLANG_WARN_BOOL_CONVERSION = YES;
				CLANG_WARN_COMMA = YES;
				CLANG_WARN_CONSTANT_CONVERSION = YES;
				CLANG_WARN_DEPRECATED_OBJC_IMPLEMENTATIONS = YES;
				CLANG_WARN_DIRECT_OBJC_ISA_USAGE = YES_ERROR;
				CLANG_WARN_DOCUMENTATION_COMMENTS = YES;
				CLANG_WARN_EMPTY_BODY = YES;
				CLANG_WARN_ENUM_CONVERSION = YES;
				CLANG_WARN_INFINITE_RECURSION = YES;
				CLANG_WARN_INT_CONVERSION = YES;
				CLANG_WARN_NON_LITERAL_NULL_CONVERSION = YES;
				CLANG_WARN_OBJC_IMPLICIT_RETAIN_SELF = YES;
				CLANG_WARN_OBJC_LITERAL_CONVERSION = YES;
				CLANG_WARN_OBJC_ROOT_CLASS = YES_ERROR;
				CLANG_WARN_RANGE_LOOP_ANALYSIS = YES;
				CLANG_WARN_STRICT_PROTOTYPES = YES;
				CLANG_WARN_SUSPICIOUS_MOVE = YES;
				CLANG_WARN_UNREACHABLE_CODE = YES;
				CLANG_WARN__DUPLICATE_METHOD_MATCH = YES;
				CODE_SIGN_IDENTITY = "-";
				COPY_PHASE_STRIP = NO;
				DEBUG_INFORMATION_FORMAT = dwarf;
				ENABLE_STRICT_OBJC_MSGSEND = YES;
				ENABLE_TESTABILITY = YES;
				GCC_C_LANGUAGE_STANDARD = gnu99;
				GCC_DYNAMIC_NO_PIC = NO;
				GCC_NO_COMMON_BLOCKS = YES;
				GCC_OPTIMIZATION_LEVEL = 0;
				GCC_PREPROCESSOR_DEFINITIONS = (
					"DEBUG=1",
					"$(inherited)",
				);
				GCC_WARN_64_TO_32_BIT_CONVERSION = YES;
				GCC_WARN_ABOUT_RETURN_TYPE = YES_ERROR;
				GCC_WARN_UNDECLARED_SELECTOR = YES;
				GCC_WARN_UNINITIALIZED_AUTOS = YES_AGGRESSIVE;
				GCC_WARN_UNUSED_FUNCTION = YES;
				GCC_WARN_UNUSED_VARIABLE = YES;
				MACOSX_DEPLOYMENT_TARGET = 10.13;
				MTL_ENABLE_DEBUG_INFO = YES;
				ONLY_ACTIVE_ARCH = YES;
				SDKROOT = macosx;
			};
			name = Debug;
		};
		45B5E6A91EF7C25200A6A3E2 /* Release */ = {
			isa = XCBuildConfiguration;
			buildSettings = {
				ALWAYS_SEARCH_USER_PATHS = NO;
				CLANG_ANALYZER_NONNULL = YES;
				CLANG_ANALYZER_NUMBER_OBJECT_CONVERSION = YES_AGGRESSIVE;
				CLANG_CXX_LANGUAGE_STANDARD = "gnu++0x";
				CLANG_CXX_LIBRARY = "libc++";
				CLANG_ENABLE_MODULES = YES;
				CLANG_ENABLE_OBJC_ARC = YES;
				CLANG_WARN_BLOCK_CAPTURE_AUTORELEASING = YES;
				CLANG_WARN_BOOL_CONVERSION = YES;
				CLANG_WARN_COMMA = YES;
				CLANG_WARN_CONSTANT_CONVERSION = YES;
				CLANG_WARN_DEPRECATED_OBJC_IMPLEMENTATIONS = YES;
				CLANG_WARN_DIRECT_OBJC_ISA_USAGE = YES_ERROR;
				CLANG_WARN_DOCUMENTATION_COMMENTS = YES;
				CLANG_WARN_EMPTY_BODY = YES;
				CLANG_WARN_ENUM_CONVERSION = YES;
				CLANG_WARN_INFINITE_RECURSION = YES;
				CLANG_WARN_INT_CONVERSION = YES;
				CLANG_WARN_NON_LITERAL_NULL_CONVERSION = YES;
				CLANG_WARN_OBJC_IMPLICIT_RETAIN_SELF = YES;
				CLANG_WARN_OBJC_LITERAL_CONVERSION = YES;
				CLANG_WARN_OBJC_ROOT_CLASS = YES_ERROR;
				CLANG_WARN_RANGE_LOOP_ANALYSIS = YES;
				CLANG_WARN_STRICT_PROTOTYPES = YES;
				CLANG_WARN_SUSPICIOUS_MOVE = YES;
				CLANG_WARN_UNREACHABLE_CODE = YES;
				CLANG_WARN__DUPLICATE_METHOD_MATCH = YES;
				CODE_SIGN_IDENTITY = "-";
				COPY_PHASE_STRIP = NO;
				DEBUG_INFORMATION_FORMAT = "dwarf-with-dsym";
				ENABLE_NS_ASSERTIONS = NO;
				ENABLE_STRICT_OBJC_MSGSEND = YES;
				GCC_C_LANGUAGE_STANDARD = gnu99;
				GCC_NO_COMMON_BLOCKS = YES;
				GCC_WARN_64_TO_32_BIT_CONVERSION = YES;
				GCC_WARN_ABOUT_RETURN_TYPE = YES_ERROR;
				GCC_WARN_UNDECLARED_SELECTOR = YES;
				GCC_WARN_UNINITIALIZED_AUTOS = YES_AGGRESSIVE;
				GCC_WARN_UNUSED_FUNCTION = YES;
				GCC_WARN_UNUSED_VARIABLE = YES;
				MACOSX_DEPLOYMENT_TARGET = 10.13;
				MTL_ENABLE_DEBUG_INFO = NO;
				SDKROOT = macosx;
			};
			name = Release;
		};
		45B5E6AB1EF7C25200A6A3E2 /* Debug */ = {
			isa = XCBuildConfiguration;
			buildSettings = {
				CLANG_CXX_LANGUAGE_STANDARD = "c++17";
				CODE_SIGN_IDENTITY = "-";
				DYLIB_COMPATIBILITY_VERSION = 1;
				DYLIB_CURRENT_VERSION = 1;
				EXECUTABLE_PREFIX = lib;
				GCC_ENABLE_CPP_EXCEPTIONS = YES;
				GCC_ENABLE_CPP_RTTI = YES;
				GCC_PREPROCESSOR_DEFINITIONS = DEBUG;
				GCC_SYMBOLS_PRIVATE_EXTERN = YES;
				HEADER_SEARCH_PATHS = "";
				LIBRARY_SEARCH_PATHS = "";
				OTHER_CPLUSPLUSFLAGS = "";
				PRODUCT_NAME = "$(TARGET_NAME)";
			};
			name = Debug;
		};
		45B5E6AC1EF7C25200A6A3E2 /* Release */ = {
			isa = XCBuildConfiguration;
			buildSettings = {
				CLANG_CXX_LANGUAGE_STANDARD = "c++17";
				CODE_SIGN_IDENTITY = "-";
				DYLIB_COMPATIBILITY_VERSION = 1;
				DYLIB_CURRENT_VERSION = 1;
				EXECUTABLE_PREFIX = lib;
				GCC_ENABLE_CPP_EXCEPTIONS = YES;
				GCC_ENABLE_CPP_RTTI = YES;
				GCC_PREPROCESSOR_DEFINITIONS = RELEASE;
				GCC_SYMBOLS_PRIVATE_EXTERN = YES;
				HEADER_SEARCH_PATHS = "";
				LIBRARY_SEARCH_PATHS = "";
				OTHER_CPLUSPLUSFLAGS = "";
				PRODUCT_NAME = "$(TARGET_NAME)";
			};
			name = Release;
		};
		45C918DD202E541700AC4608 /* Debug */ = {
			isa = XCBuildConfiguration;
			buildSettings = {
				CLANG_CXX_LANGUAGE_STANDARD = "c++17";
				CLANG_WARN_UNGUARDED_AVAILABILITY = YES_AGGRESSIVE;
				CODE_SIGN_IDENTITY = "Mac Developer";
				CODE_SIGN_STYLE = Automatic;
				DEVELOPMENT_TEAM = QY44MADGVC;
				DYLIB_COMPATIBILITY_VERSION = 1;
				DYLIB_CURRENT_VERSION = 1;
				EXECUTABLE_PREFIX = lib;
				GCC_C_LANGUAGE_STANDARD = gnu11;
				HEADER_SEARCH_PATHS = (
					/usr/local/include,
					"/usr/local/Cellar/glm/**",
					"/usr/local/Cellar/sdl2/**",
					"/usr/local/Cellar/sdl2_ttf/**",
				);
				LIBRARY_SEARCH_PATHS = "$(inherited)";
				OTHER_CPLUSPLUSFLAGS = (
					"$(OTHER_CFLAGS)",
					"-Wall",
					"-Wextra",
					"-Weffc++",
					"-Wpedantic",
					"-Wextra-semi",
					"-Wno-documentation",
				);
				PRODUCT_NAME = "$(TARGET_NAME)";
			};
			name = Debug;
		};
		45C918DE202E541700AC4608 /* Release */ = {
			isa = XCBuildConfiguration;
			buildSettings = {
				CLANG_CXX_LANGUAGE_STANDARD = "c++17";
				CLANG_WARN_UNGUARDED_AVAILABILITY = YES_AGGRESSIVE;
				CODE_SIGN_IDENTITY = "Mac Developer";
				CODE_SIGN_STYLE = Automatic;
				DEVELOPMENT_TEAM = QY44MADGVC;
				DYLIB_COMPATIBILITY_VERSION = 1;
				DYLIB_CURRENT_VERSION = 1;
				EXECUTABLE_PREFIX = lib;
				GCC_C_LANGUAGE_STANDARD = gnu11;
				HEADER_SEARCH_PATHS = (
					/usr/local/include,
					"/usr/local/Cellar/glm/**",
					"/usr/local/Cellar/sdl2/**",
					"/usr/local/Cellar/sdl2_ttf/**",
				);
				LIBRARY_SEARCH_PATHS = "$(inherited)";
				OTHER_CPLUSPLUSFLAGS = (
					"$(OTHER_CFLAGS)",
					"-Wall",
					"-Wextra",
					"-Weffc++",
					"-Wpedantic",
					"-Wextra-semi",
					"-Wno-documentation",
				);
				PRODUCT_NAME = "$(TARGET_NAME)";
			};
			name = Release;
		};
/* End XCBuildConfiguration section */

/* Begin XCConfigurationList section */
		454B2B152040E0C300D94D6A /* Build configuration list for PBXNativeTarget "Pack" */ = {
			isa = XCConfigurationList;
			buildConfigurations = (
				454B2B162040E0C300D94D6A /* Debug */,
				454B2B172040E0C300D94D6A /* Release */,
			);
			defaultConfigurationIsVisible = 0;
			defaultConfigurationName = Release;
		};
		45B5E69A1EF7C25200A6A3E2 /* Build configuration list for PBXProject "Simpleton Engine" */ = {
			isa = XCConfigurationList;
			buildConfigurations = (
				45B5E6A81EF7C25200A6A3E2 /* Debug */,
				45B5E6A91EF7C25200A6A3E2 /* Release */,
			);
			defaultConfigurationIsVisible = 0;
			defaultConfigurationName = Release;
		};
		45B5E6AA1EF7C25200A6A3E2 /* Build configuration list for PBXNativeTarget "Simpleton Engine" */ = {
			isa = XCConfigurationList;
			buildConfigurations = (
				45B5E6AB1EF7C25200A6A3E2 /* Debug */,
				45B5E6AC1EF7C25200A6A3E2 /* Release */,
			);
			defaultConfigurationIsVisible = 0;
			defaultConfigurationName = Release;
		};
		45C918DC202E541700AC4608 /* Build configuration list for PBXNativeTarget "Test" */ = {
			isa = XCConfigurationList;
			buildConfigurations = (
				45C918DD202E541700AC4608 /* Debug */,
				45C918DE202E541700AC4608 /* Release */,
			);
			defaultConfigurationIsVisible = 0;
			defaultConfigurationName = Release;
		};
/* End XCConfigurationList section */
	};
	rootObject = 45B5E6971EF7C25200A6A3E2 /* Project object */;
}
